
Microsoft Visual Studio Solution File, Format Version 12.00
# Visual Studio 15
VisualStudioVersion = 15.0.28307.489
MinimumVisualStudioVersion = 10.0.40219.1
Project("{FAE04EC0-301F-11D3-BF4B-00C04F79EFBC}") = "Assingment1", "Assingment1\Assingment1.csproj", "{D65140D2-5334-4CD5-8ECA-1AFFF85259E8}"
EndProject
Global
	GlobalSection(SolutionConfigurationPlatforms) = preSolution
		Debug|Any CPU = Debug|Any CPU
		Release|Any CPU = Release|Any CPU
	EndGlobalSection
	GlobalSection(ProjectConfigurationPlatforms) = postSolution
		{D65140D2-5334-4CD5-8ECA-1AFFF85259E8}.Debug|Any CPU.ActiveCfg = Debug|Any CPU
		{D65140D2-5334-4CD5-8ECA-1AFFF85259E8}.Debug|Any CPU.Build.0 = Debug|Any CPU
		{D65140D2-5334-4CD5-8ECA-1AFFF85259E8}.Release|Any CPU.ActiveCfg = Release|Any CPU
		{D65140D2-5334-4CD5-8ECA-1AFFF85259E8}.Release|Any CPU.Build.0 = Release|Any CPU
	EndGlobalSection
	GlobalSection(SolutionProperties) = preSolution
		HideSolutionNode = FALSE
	EndGlobalSection
	GlobalSection(ExtensibilityGlobals) = postSolution
		SolutionGuid = {8468C9A8-E6D9-417D-83FC-4089087C6AAD}
	EndGlobalSection
EndGlobal
