
Microsoft Visual Studio Solution File, Format Version 12.00
# Visual Studio 15
VisualStudioVersion = 15.0.28307.489
MinimumVisualStudioVersion = 10.0.40219.1
Project("{FAE04EC0-301F-11D3-BF4B-00C04F79EFBC}") = "Information", "Information\Information.csproj", "{FA38A389-7116-431E-B35F-07B9C507F8D5}"
EndProject
Global
	GlobalSection(SolutionConfigurationPlatforms) = preSolution
		Debug|Any CPU = Debug|Any CPU
		Release|Any CPU = Release|Any CPU
	EndGlobalSection
	GlobalSection(ProjectConfigurationPlatforms) = postSolution
		{FA38A389-7116-431E-B35F-07B9C507F8D5}.Debug|Any CPU.ActiveCfg = Debug|Any CPU
		{FA38A389-7116-431E-B35F-07B9C507F8D5}.Debug|Any CPU.Build.0 = Debug|Any CPU
		{FA38A389-7116-431E-B35F-07B9C507F8D5}.Release|Any CPU.ActiveCfg = Release|Any CPU
		{FA38A389-7116-431E-B35F-07B9C507F8D5}.Release|Any CPU.Build.0 = Release|Any CPU
	EndGlobalSection
	GlobalSection(SolutionProperties) = preSolution
		HideSolutionNode = FALSE
	EndGlobalSection
	GlobalSection(ExtensibilityGlobals) = postSolution
		SolutionGuid = {0F2D7579-E870-4D70-AB55-8F8232D91533}
	EndGlobalSection
EndGlobal
