
Microsoft Visual Studio Solution File, Format Version 12.00
# Visual Studio 15
VisualStudioVersion = 15.0.28307.572
MinimumVisualStudioVersion = 10.0.40219.1
Project("{FAE04EC0-301F-11D3-BF4B-00C04F79EFBC}") = "Exam", "Exam\Exam.csproj", "{F1FC0198-B92E-482A-97B9-566932AF7561}"
EndProject
Global
	GlobalSection(SolutionConfigurationPlatforms) = preSolution
		Debug|Any CPU = Debug|Any CPU
		Release|Any CPU = Release|Any CPU
	EndGlobalSection
	GlobalSection(ProjectConfigurationPlatforms) = postSolution
		{F1FC0198-B92E-482A-97B9-566932AF7561}.Debug|Any CPU.ActiveCfg = Debug|Any CPU
		{F1FC0198-B92E-482A-97B9-566932AF7561}.Debug|Any CPU.Build.0 = Debug|Any CPU
		{F1FC0198-B92E-482A-97B9-566932AF7561}.Release|Any CPU.ActiveCfg = Release|Any CPU
		{F1FC0198-B92E-482A-97B9-566932AF7561}.Release|Any CPU.Build.0 = Release|Any CPU
	EndGlobalSection
	GlobalSection(SolutionProperties) = preSolution
		HideSolutionNode = FALSE
	EndGlobalSection
	GlobalSection(ExtensibilityGlobals) = postSolution
		SolutionGuid = {F544CA3B-FEDE-482E-B06F-7B082BDAA5F2}
	EndGlobalSection
EndGlobal
